{
  "name": "tree-changes",
  "version": "0.9.1",
  "lockfileVersion": 2,
  "requires": true,
  "packages": {
    "": {
      "name": "tree-changes",
      "version": "0.9.1",
      "license": "MIT",
      "dependencies": {
        "@gilbarbara/deep-equal": "^0.1.1",
        "is-lite": "^0.9.2"
      }
    },
    "node_modules/@gilbarbara/deep-equal": {
      "version": "0.1.1",
      "resolved": "https://registry.npmjs.org/@gilbarbara/deep-equal/-/deep-equal-0.1.1.tgz",
      "integrity": "sha512-SjSBspHXlclODLtSoPIQwBhfeBjncC05NlNoFELJ6xZQkyYDJsVCcs7+f+etHR2cYPbHLjnh1C06lQlCbMEWEA=="
    },
    "node_modules/is-lite": {
      "version": "0.9.2",
      "resolved": "https://registry.npmjs.org/is-lite/-/is-lite-0.9.2.tgz",
      "integrity": "sha512-qZuxbaEiKLOKhX4sbHLfhFN9iA3YciuZLb37/DfXCpWnz8p7qNL2lwkpxYMXfjlS8eEEjpULPZxAUI8N6FYvYQ=="
    }
  },
  "dependencies": {
    "@gilbarbara/deep-equal": {
      "version": "0.1.1",
      "resolved": "https://registry.npmjs.org/@gilbarbara/deep-equal/-/deep-equal-0.1.1.tgz",
      "integrity": "sha512-SjSBspHXlclODLtSoPIQwBhfeBjncC05NlNoFELJ6xZQkyYDJsVCcs7+f+etHR2cYPbHLjnh1C06lQlCbMEWEA=="
    },
    "is-lite": {
      "version": "0.9.2",
      "resolved": "https://registry.npmjs.org/is-lite/-/is-lite-0.9.2.tgz",
      "integrity": "sha512-qZuxbaEiKLOKhX4sbHLfhFN9iA3YciuZLb37/DfXCpWnz8p7qNL2lwkpxYMXfjlS8eEEjpULPZxAUI8N6FYvYQ=="
    }
  }
}
